
Microsoft Visual Studio Solution File, Format Version 12.00
# Visual Studio Version 17
VisualStudioVersion = 17.5.002.0
MinimumVisualStudioVersion = 10.0.40219.1
Project("{2150E333-8FDC-42A3-9474-1A3956D46DE8}") = "csharp-prep", "csharp-prep", "{A34CB85F-B911-4E75-AA8C-61F848BA04D5}"
EndProject
Project("{9A19103F-16F7-4668-BE54-9A1E7A4F7556}") = "Prep1", "csharp-prep\Prep1\Prep1.csproj", "{24D2773C-476A-4657-8EF2-1522EA055CFA}"
EndProject
Project("{9A19103F-16F7-4668-BE54-9A1E7A4F7556}") = "Prep2", "csharp-prep\Prep2\Prep2.csproj", "{A5B0C9E0-F6C9-497C-9D12-42B84CB6444F}"
EndProject
Project("{9A19103F-16F7-4668-BE54-9A1E7A4F7556}") = "Prep3", "csharp-prep\Prep3\Prep3.csproj", "{822A6C90-1BC1-4AA3-AF27-32BC2B5FAFAD}"
EndProject
Project("{9A19103F-16F7-4668-BE54-9A1E7A4F7556}") = "Prep4", "csharp-prep\Prep4\Prep4.csproj", "{550CEDEA-85DE-4534-B2A3-B718F8C6A05A}"
EndProject
Project("{9A19103F-16F7-4668-BE54-9A1E7A4F7556}") = "Prep5", "csharp-prep\Prep5\Prep5.csproj", "{ACF30693-D330-4EAE-BFB0-9886F702DE18}"
EndProject
Project("{2150E333-8FDC-42A3-9474-1A3956D46DE8}") = "final", "final", "{E00C36BB-B6A0-4472-B6F9-AB9DC6FADD6B}"
EndProject
Project("{9A19103F-16F7-4668-BE54-9A1E7A4F7556}") = "FinalProject", "final\FinalProject\FinalProject.csproj", "{CCB28AF6-4F24-4655-B879-390983D5DED6}"
EndProject
Project("{9A19103F-16F7-4668-BE54-9A1E7A4F7556}") = "Foundation1", "final\Foundation1\Foundation1.csproj", "{92D8DF3C-95F5-4836-9841-29A66F57A22D}"
EndProject
Project("{9A19103F-16F7-4668-BE54-9A1E7A4F7556}") = "Foundation2", "final\Foundation2\Foundation2.csproj", "{E86D0DBB-D2E9-48DB-9C1A-587EB6DDF80F}"
EndProject
Project("{9A19103F-16F7-4668-BE54-9A1E7A4F7556}") = "Foundation3", "final\Foundation3\Foundation3.csproj", "{B51334FB-461D-44BB-992F-07CB9664E0F7}"
EndProject
Project("{9A19103F-16F7-4668-BE54-9A1E7A4F7556}") = "Foundation4", "final\Foundation4\Foundation4.csproj", "{17F772A0-0883-4F50-83F4-729BD411D2CD}"
EndProject
Project("{2150E333-8FDC-42A3-9474-1A3956D46DE8}") = "prepare", "prepare", "{8594823B-2356-482B-924C-A5BA70A2718F}"
EndProject
Project("{9A19103F-16F7-4668-BE54-9A1E7A4F7556}") = "Learning02", "prepare\Learning02\Learning02.csproj", "{843F049E-FF5E-4150-8E58-23265B01B6C4}"
EndProject
Project("{9A19103F-16F7-4668-BE54-9A1E7A4F7556}") = "Learning03", "prepare\Learning03\Learning03.csproj", "{82AC678E-1049-454C-ADE1-AA8FC15B029F}"
EndProject
Project("{9A19103F-16F7-4668-BE54-9A1E7A4F7556}") = "Learning04", "prepare\Learning04\Learning04.csproj", "{F63F1957-0A60-46EF-9459-92365F252E02}"
EndProject
Project("{9A19103F-16F7-4668-BE54-9A1E7A4F7556}") = "Learning05", "prepare\Learning05\Learning05.csproj", "{5ACB846D-4635-4EB3-A5F9-30E1FDA23222}"
EndProject
Project("{2150E333-8FDC-42A3-9474-1A3956D46DE8}") = "prove", "prove", "{B2A4FF9D-9786-49D8-828F-20670A181559}"
EndProject
Project("{9A19103F-16F7-4668-BE54-9A1E7A4F7556}") = "Develop02", "prove\Develop02\Develop02.csproj", "{F18CEA90-F929-4EDE-BA34-139135B82AFB}"
EndProject
Project("{9A19103F-16F7-4668-BE54-9A1E7A4F7556}") = "Develop03", "prove\Develop03\Develop03.csproj", "{4C1A6EFA-11E8-4EB7-A628-AFEEFA377A81}"
EndProject
Project("{9A19103F-16F7-4668-BE54-9A1E7A4F7556}") = "Develop04", "prove\Develop04\Develop04.csproj", "{D0151228-B85C-48C1-AD77-920BEE98B64B}"
EndProject
Project("{9A19103F-16F7-4668-BE54-9A1E7A4F7556}") = "Develop05", "prove\Develop05\Develop05.csproj", "{12A6BB74-5D7F-476C-B6C7-837436689251}"
EndProject
Project("{2150E333-8FDC-42A3-9474-1A3956D46DE8}") = "sandbox", "sandbox", "{E09C49A7-BFBC-433D-91C1-183669DD3988}"
EndProject
Project("{9A19103F-16F7-4668-BE54-9A1E7A4F7556}") = "Sandbox", "sandbox\Sandbox\Sandbox.csproj", "{A0181776-9FE7-436E-8697-221E58AD9D34}"
EndProject
Global
	GlobalSection(SolutionConfigurationPlatforms) = preSolution
		Debug|Any CPU = Debug|Any CPU
		Release|Any CPU = Release|Any CPU
	EndGlobalSection
	GlobalSection(ProjectConfigurationPlatforms) = postSolution
		{24D2773C-476A-4657-8EF2-1522EA055CFA}.Debug|Any CPU.ActiveCfg = Debug|Any CPU
		{24D2773C-476A-4657-8EF2-1522EA055CFA}.Debug|Any CPU.Build.0 = Debug|Any CPU
		{24D2773C-476A-4657-8EF2-1522EA055CFA}.Release|Any CPU.ActiveCfg = Release|Any CPU
		{24D2773C-476A-4657-8EF2-1522EA055CFA}.Release|Any CPU.Build.0 = Release|Any CPU
		{A5B0C9E0-F6C9-497C-9D12-42B84CB6444F}.Debug|Any CPU.ActiveCfg = Debug|Any CPU
		{A5B0C9E0-F6C9-497C-9D12-42B84CB6444F}.Debug|Any CPU.Build.0 = Debug|Any CPU
		{A5B0C9E0-F6C9-497C-9D12-42B84CB6444F}.Release|Any CPU.ActiveCfg = Release|Any CPU
		{A5B0C9E0-F6C9-497C-9D12-42B84CB6444F}.Release|Any CPU.Build.0 = Release|Any CPU
		{822A6C90-1BC1-4AA3-AF27-32BC2B5FAFAD}.Debug|Any CPU.ActiveCfg = Debug|Any CPU
		{822A6C90-1BC1-4AA3-AF27-32BC2B5FAFAD}.Debug|Any CPU.Build.0 = Debug|Any CPU
		{822A6C90-1BC1-4AA3-AF27-32BC2B5FAFAD}.Release|Any CPU.ActiveCfg = Release|Any CPU
		{822A6C90-1BC1-4AA3-AF27-32BC2B5FAFAD}.Release|Any CPU.Build.0 = Release|Any CPU
		{550CEDEA-85DE-4534-B2A3-B718F8C6A05A}.Debug|Any CPU.ActiveCfg = Debug|Any CPU
		{550CEDEA-85DE-4534-B2A3-B718F8C6A05A}.Debug|Any CPU.Build.0 = Debug|Any CPU
		{550CEDEA-85DE-4534-B2A3-B718F8C6A05A}.Release|Any CPU.ActiveCfg = Release|Any CPU
		{550CEDEA-85DE-4534-B2A3-B718F8C6A05A}.Release|Any CPU.Build.0 = Release|Any CPU
		{ACF30693-D330-4EAE-BFB0-9886F702DE18}.Debug|Any CPU.ActiveCfg = Debug|Any CPU
		{ACF30693-D330-4EAE-BFB0-9886F702DE18}.Debug|Any CPU.Build.0 = Debug|Any CPU
		{ACF30693-D330-4EAE-BFB0-9886F702DE18}.Release|Any CPU.ActiveCfg = Release|Any CPU
		{ACF30693-D330-4EAE-BFB0-9886F702DE18}.Release|Any CPU.Build.0 = Release|Any CPU
		{CCB28AF6-4F24-4655-B879-390983D5DED6}.Debug|Any CPU.ActiveCfg = Debug|Any CPU
		{CCB28AF6-4F24-4655-B879-390983D5DED6}.Debug|Any CPU.Build.0 = Debug|Any CPU
		{CCB28AF6-4F24-4655-B879-390983D5DED6}.Release|Any CPU.ActiveCfg = Release|Any CPU
		{CCB28AF6-4F24-4655-B879-390983D5DED6}.Release|Any CPU.Build.0 = Release|Any CPU
		{92D8DF3C-95F5-4836-9841-29A66F57A22D}.Debug|Any CPU.ActiveCfg = Debug|Any CPU
		{92D8DF3C-95F5-4836-9841-29A66F57A22D}.Debug|Any CPU.Build.0 = Debug|Any CPU
		{92D8DF3C-95F5-4836-9841-29A66F57A22D}.Release|Any CPU.ActiveCfg = Release|Any CPU
		{92D8DF3C-95F5-4836-9841-29A66F57A22D}.Release|Any CPU.Build.0 = Release|Any CPU
		{E86D0DBB-D2E9-48DB-9C1A-587EB6DDF80F}.Debug|Any CPU.ActiveCfg = Debug|Any CPU
		{E86D0DBB-D2E9-48DB-9C1A-587EB6DDF80F}.Debug|Any CPU.Build.0 = Debug|Any CPU
		{E86D0DBB-D2E9-48DB-9C1A-587EB6DDF80F}.Release|Any CPU.ActiveCfg = Release|Any CPU
		{E86D0DBB-D2E9-48DB-9C1A-587EB6DDF80F}.Release|Any CPU.Build.0 = Release|Any CPU
		{B51334FB-461D-44BB-992F-07CB9664E0F7}.Debug|Any CPU.ActiveCfg = Debug|Any CPU
		{B51334FB-461D-44BB-992F-07CB9664E0F7}.Debug|Any CPU.Build.0 = Debug|Any CPU
		{B51334FB-461D-44BB-992F-07CB9664E0F7}.Release|Any CPU.ActiveCfg = Release|Any CPU
		{B51334FB-461D-44BB-992F-07CB9664E0F7}.Release|Any CPU.Build.0 = Release|Any CPU
		{17F772A0-0883-4F50-83F4-729BD411D2CD}.Debug|Any CPU.ActiveCfg = Debug|Any CPU
		{17F772A0-0883-4F50-83F4-729BD411D2CD}.Debug|Any CPU.Build.0 = Debug|Any CPU
		{17F772A0-0883-4F50-83F4-729BD411D2CD}.Release|Any CPU.ActiveCfg = Release|Any CPU
		{17F772A0-0883-4F50-83F4-729BD411D2CD}.Release|Any CPU.Build.0 = Release|Any CPU
		{843F049E-FF5E-4150-8E58-23265B01B6C4}.Debug|Any CPU.ActiveCfg = Debug|Any CPU
		{843F049E-FF5E-4150-8E58-23265B01B6C4}.Debug|Any CPU.Build.0 = Debug|Any CPU
		{843F049E-FF5E-4150-8E58-23265B01B6C4}.Release|Any CPU.ActiveCfg = Release|Any CPU
		{843F049E-FF5E-4150-8E58-23265B01B6C4}.Release|Any CPU.Build.0 = Release|Any CPU
		{82AC678E-1049-454C-ADE1-AA8FC15B029F}.Debug|Any CPU.ActiveCfg = Debug|Any CPU
		{82AC678E-1049-454C-ADE1-AA8FC15B029F}.Debug|Any CPU.Build.0 = Debug|Any CPU
		{82AC678E-1049-454C-ADE1-AA8FC15B029F}.Release|Any CPU.ActiveCfg = Release|Any CPU
		{82AC678E-1049-454C-ADE1-AA8FC15B029F}.Release|Any CPU.Build.0 = Release|Any CPU
		{F63F1957-0A60-46EF-9459-92365F252E02}.Debug|Any CPU.ActiveCfg = Debug|Any CPU
		{F63F1957-0A60-46EF-9459-92365F252E02}.Debug|Any CPU.Build.0 = Debug|Any CPU
		{F63F1957-0A60-46EF-9459-92365F252E02}.Release|Any CPU.ActiveCfg = Release|Any CPU
		{F63F1957-0A60-46EF-9459-92365F252E02}.Release|Any CPU.Build.0 = Release|Any CPU
		{5ACB846D-4635-4EB3-A5F9-30E1FDA23222}.Debug|Any CPU.ActiveCfg = Debug|Any CPU
		{5ACB846D-4635-4EB3-A5F9-30E1FDA23222}.Debug|Any CPU.Build.0 = Debug|Any CPU
		{5ACB846D-4635-4EB3-A5F9-30E1FDA23222}.Release|Any CPU.ActiveCfg = Release|Any CPU
		{5ACB846D-4635-4EB3-A5F9-30E1FDA23222}.Release|Any CPU.Build.0 = Release|Any CPU
		{F18CEA90-F929-4EDE-BA34-139135B82AFB}.Debug|Any CPU.ActiveCfg = Debug|Any CPU
		{F18CEA90-F929-4EDE-BA34-139135B82AFB}.Debug|Any CPU.Build.0 = Debug|Any CPU
		{F18CEA90-F929-4EDE-BA34-139135B82AFB}.Release|Any CPU.ActiveCfg = Release|Any CPU
		{F18CEA90-F929-4EDE-BA34-139135B82AFB}.Release|Any CPU.Build.0 = Release|Any CPU
		{4C1A6EFA-11E8-4EB7-A628-AFEEFA377A81}.Debug|Any CPU.ActiveCfg = Debug|Any CPU
		{4C1A6EFA-11E8-4EB7-A628-AFEEFA377A81}.Debug|Any CPU.Build.0 = Debug|Any CPU
		{4C1A6EFA-11E8-4EB7-A628-AFEEFA377A81}.Release|Any CPU.ActiveCfg = Release|Any CPU
		{4C1A6EFA-11E8-4EB7-A628-AFEEFA377A81}.Release|Any CPU.Build.0 = Release|Any CPU
		{D0151228-B85C-48C1-AD77-920BEE98B64B}.Debug|Any CPU.ActiveCfg = Debug|Any CPU
		{D0151228-B85C-48C1-AD77-920BEE98B64B}.Debug|Any CPU.Build.0 = Debug|Any CPU
		{D0151228-B85C-48C1-AD77-920BEE98B64B}.Release|Any CPU.ActiveCfg = Release|Any CPU
		{D0151228-B85C-48C1-AD77-920BEE98B64B}.Release|Any CPU.Build.0 = Release|Any CPU
		{12A6BB74-5D7F-476C-B6C7-837436689251}.Debug|Any CPU.ActiveCfg = Debug|Any CPU
		{12A6BB74-5D7F-476C-B6C7-837436689251}.Debug|Any CPU.Build.0 = Debug|Any CPU
		{12A6BB74-5D7F-476C-B6C7-837436689251}.Release|Any CPU.ActiveCfg = Release|Any CPU
		{12A6BB74-5D7F-476C-B6C7-837436689251}.Release|Any CPU.Build.0 = Release|Any CPU
		{A0181776-9FE7-436E-8697-221E58AD9D34}.Debug|Any CPU.ActiveCfg = Debug|Any CPU
		{A0181776-9FE7-436E-8697-221E58AD9D34}.Debug|Any CPU.Build.0 = Debug|Any CPU
		{A0181776-9FE7-436E-8697-221E58AD9D34}.Release|Any CPU.ActiveCfg = Release|Any CPU
		{A0181776-9FE7-436E-8697-221E58AD9D34}.Release|Any CPU.Build.0 = Release|Any CPU
	EndGlobalSection
	GlobalSection(SolutionProperties) = preSolution
		HideSolutionNode = FALSE
	EndGlobalSection
	GlobalSection(NestedProjects) = preSolution
		{24D2773C-476A-4657-8EF2-1522EA055CFA} = {A34CB85F-B911-4E75-AA8C-61F848BA04D5}
		{A5B0C9E0-F6C9-497C-9D12-42B84CB6444F} = {A34CB85F-B911-4E75-AA8C-61F848BA04D5}
		{822A6C90-1BC1-4AA3-AF27-32BC2B5FAFAD} = {A34CB85F-B911-4E75-AA8C-61F848BA04D5}
		{550CEDEA-85DE-4534-B2A3-B718F8C6A05A} = {A34CB85F-B911-4E75-AA8C-61F848BA04D5}
		{ACF30693-D330-4EAE-BFB0-9886F702DE18} = {A34CB85F-B911-4E75-AA8C-61F848BA04D5}
		{CCB28AF6-4F24-4655-B879-390983D5DED6} = {E00C36BB-B6A0-4472-B6F9-AB9DC6FADD6B}
		{92D8DF3C-95F5-4836-9841-29A66F57A22D} = {E00C36BB-B6A0-4472-B6F9-AB9DC6FADD6B}
		{E86D0DBB-D2E9-48DB-9C1A-587EB6DDF80F} = {E00C36BB-B6A0-4472-B6F9-AB9DC6FADD6B}
		{B51334FB-461D-44BB-992F-07CB9664E0F7} = {E00C36BB-B6A0-4472-B6F9-AB9DC6FADD6B}
		{17F772A0-0883-4F50-83F4-729BD411D2CD} = {E00C36BB-B6A0-4472-B6F9-AB9DC6FADD6B}
		{843F049E-FF5E-4150-8E58-23265B01B6C4} = {8594823B-2356-482B-924C-A5BA70A2718F}
		{82AC678E-1049-454C-ADE1-AA8FC15B029F} = {8594823B-2356-482B-924C-A5BA70A2718F}
		{F63F1957-0A60-46EF-9459-92365F252E02} = {8594823B-2356-482B-924C-A5BA70A2718F}
		{5ACB846D-4635-4EB3-A5F9-30E1FDA23222} = {8594823B-2356-482B-924C-A5BA70A2718F}
		{F18CEA90-F929-4EDE-BA34-139135B82AFB} = {B2A4FF9D-9786-49D8-828F-20670A181559}
		{4C1A6EFA-11E8-4EB7-A628-AFEEFA377A81} = {B2A4FF9D-9786-49D8-828F-20670A181559}
		{D0151228-B85C-48C1-AD77-920BEE98B64B} = {B2A4FF9D-9786-49D8-828F-20670A181559}
		{12A6BB74-5D7F-476C-B6C7-837436689251} = {B2A4FF9D-9786-49D8-828F-20670A181559}
		{A0181776-9FE7-436E-8697-221E58AD9D34} = {E09C49A7-BFBC-433D-91C1-183669DD3988}
	EndGlobalSection
	GlobalSection(ExtensibilityGlobals) = postSolution
		SolutionGuid = {35EC5E4B-43C7-4A9B-93BC-C83E324A71D1}
	EndGlobalSection
EndGlobal
